// !$*UTF8*$!
{
	archiveVersion = 1;
	classes = {
	};
	objectVersion = 46;
	objects = {

/* Begin PBXBuildFile section */
		E6211B1D15D46FEB0065B867 /* Parse.framework in Frameworks */ = {isa = PBXBuildFile; fileRef = E6211B1C15D46FEB0065B867 /* Parse.framework */; };
		E6230A20159382BC00F45943 /* 286-speechbubble@2x.png in Resources */ = {isa = PBXBuildFile; fileRef = E6230A1F159382BC00F45943 /* 286-speechbubble@2x.png */; };
		E6230A231593903100F45943 /* 286-speechbubble.png in Resources */ = {isa = PBXBuildFile; fileRef = E6230A221593903100F45943 /* 286-speechbubble.png */; };
		E626B52A155C3AF100DDDAC4 /* ResultsViewController.m in Sources */ = {isa = PBXBuildFile; fileRef = E626B529155C3AF100DDDAC4 /* ResultsViewController.m */; };
		E644BE641561A59E00C62D83 /* Time.m in Sources */ = {isa = PBXBuildFile; fileRef = E644BE631561A59E00C62D83 /* Time.m */; };
		E64823ED157D7DA100E39706 /* DONEpressed.png in Resources */ = {isa = PBXBuildFile; fileRef = E64823EC157D7DA100E39706 /* DONEpressed.png */; };
		E64823EF157D7DA900E39706 /* DONE.png in Resources */ = {isa = PBXBuildFile; fileRef = E64823EE157D7DA900E39706 /* DONE.png */; };
		E66B25A915377A0D0011F4F3 /* AudioToolbox.framework in Frameworks */ = {isa = PBXBuildFile; fileRef = E66B25A815377A0D0011F4F3 /* AudioToolbox.framework */; };
		E66B25AB15377A150011F4F3 /* CFNetwork.framework in Frameworks */ = {isa = PBXBuildFile; fileRef = E66B25AA15377A150011F4F3 /* CFNetwork.framework */; };
		E66B25AD15377A200011F4F3 /* SystemConfiguration.framework in Frameworks */ = {isa = PBXBuildFile; fileRef = E66B25AC15377A200011F4F3 /* SystemConfiguration.framework */; };
		E66B25AF15377A280011F4F3 /* MobileCoreServices.framework in Frameworks */ = {isa = PBXBuildFile; fileRef = E66B25AE15377A280011F4F3 /* MobileCoreServices.framework */; };
		E66B25B115377A3A0011F4F3 /* libz.1.1.3.dylib in Frameworks */ = {isa = PBXBuildFile; fileRef = E66B25B015377A3A0011F4F3 /* libz.1.1.3.dylib */; };
		E66B25B315377A410011F4F3 /* Security.framework in Frameworks */ = {isa = PBXBuildFile; fileRef = E66B25B215377A410011F4F3 /* Security.framework */; };
		E66B25B515377A490011F4F3 /* QuartzCore.framework in Frameworks */ = {isa = PBXBuildFile; fileRef = E66B25B415377A490011F4F3 /* QuartzCore.framework */; };
		E67D6B3E15468864002FC024 /* AccountViewController.m in Sources */ = {isa = PBXBuildFile; fileRef = E67D6B3D15468864002FC024 /* AccountViewController.m */; };
		E686B71F153251020068A08D /* SelectorViewController.m in Sources */ = {isa = PBXBuildFile; fileRef = E686B71E153251020068A08D /* SelectorViewController.m */; };
		E686B72215326A8D0068A08D /* HistoryViewController.m in Sources */ = {isa = PBXBuildFile; fileRef = E686B72115326A8D0068A08D /* HistoryViewController.m */; };
		E686B72F15329D360068A08D /* FeedbackViewController.m in Sources */ = {isa = PBXBuildFile; fileRef = E686B72E15329D360068A08D /* FeedbackViewController.m */; };
		E686B7311532A0EF0068A08D /* MessageUI.framework in Frameworks */ = {isa = PBXBuildFile; fileRef = E686B7301532A0EF0068A08D /* MessageUI.framework */; };
		E686B73615333D8C0068A08D /* Selection.m in Sources */ = {isa = PBXBuildFile; fileRef = E686B73515333D8C0068A08D /* Selection.m */; };
		E686B739153340870068A08D /* HistoryCell.m in Sources */ = {isa = PBXBuildFile; fileRef = E686B738153340860068A08D /* HistoryCell.m */; };
		E686B73C153345AE0068A08D /* HudView.m in Sources */ = {isa = PBXBuildFile; fileRef = E686B73B153345AE0068A08D /* HudView.m */; };
		E686B73F15335E7C0068A08D /* Checkmark@2x.png in Resources */ = {isa = PBXBuildFile; fileRef = E686B73D15335E7C0068A08D /* Checkmark@2x.png */; };
		E686B74015335E7C0068A08D /* Checkmark.png in Resources */ = {isa = PBXBuildFile; fileRef = E686B73E15335E7C0068A08D /* Checkmark.png */; };
		E697F84E15794696008BD62E /* Icon-Small.png in Resources */ = {isa = PBXBuildFile; fileRef = E697F84715794696008BD62E /* Icon-Small.png */; };
		E697F84F15794696008BD62E /* Icon-Small-50.png in Resources */ = {isa = PBXBuildFile; fileRef = E697F84815794696008BD62E /* Icon-Small-50.png */; };
		E697F85015794696008BD62E /* Icon.png in Resources */ = {isa = PBXBuildFile; fileRef = E697F84915794696008BD62E /* Icon.png */; };
		E697F85115794696008BD62E /* Icon-Small@2x.png in Resources */ = {isa = PBXBuildFile; fileRef = E697F84A15794696008BD62E /* Icon-Small@2x.png */; };
		E697F85215794696008BD62E /* Icon-72.png in Resources */ = {isa = PBXBuildFile; fileRef = E697F84B15794696008BD62E /* Icon-72.png */; };
		E697F85315794696008BD62E /* Icon@2x.png in Resources */ = {isa = PBXBuildFile; fileRef = E697F84C15794696008BD62E /* Icon@2x.png */; };
		E697F85415794696008BD62E /* iTunesArtwork.png in Resources */ = {isa = PBXBuildFile; fileRef = E697F84D15794696008BD62E /* iTunesArtwork.png */; };
		E6990AD415767E2F006795F9 /* Stars02.png in Resources */ = {isa = PBXBuildFile; fileRef = E6990AD315767E2F006795F9 /* Stars02.png */; };
		E6990AE21576E31C006795F9 /* 06-arrow-south@2x.png in Resources */ = {isa = PBXBuildFile; fileRef = E6990AE11576E31C006795F9 /* 06-arrow-south@2x.png */; };
		E6990AEA1577F246006795F9 /* 09-arrow-west@2x.png in Resources */ = {isa = PBXBuildFile; fileRef = E6990AE91577F246006795F9 /* 09-arrow-west@2x.png */; };
		E6990AEC1577F398006795F9 /* 03-arrow-north@2x.png in Resources */ = {isa = PBXBuildFile; fileRef = E6990AEB1577F398006795F9 /* 03-arrow-north@2x.png */; };
		E6990AEF157800EC006795F9 /* IntroAnimation.m in Sources */ = {isa = PBXBuildFile; fileRef = E6990AEE157800EC006795F9 /* IntroAnimation.m */; };
		E6B1FC851538A53400F22E3F /* MainStoryboard.storyboard in Resources */ = {isa = PBXBuildFile; fileRef = E6B1FC841538A53400F22E3F /* MainStoryboard.storyboard */; };
		E6B1FC951538AE0300F22E3F /* 13-target.png in Resources */ = {isa = PBXBuildFile; fileRef = E6B1FC931538AE0300F22E3F /* 13-target.png */; };
		E6B1FC961538AE0300F22E3F /* 13-target@2x.png in Resources */ = {isa = PBXBuildFile; fileRef = E6B1FC941538AE0300F22E3F /* 13-target@2x.png */; };
		E6B1FC9D1538AE5D00F22E3F /* 115-bow-and-arrow.png in Resources */ = {isa = PBXBuildFile; fileRef = E6B1FC9B1538AE5D00F22E3F /* 115-bow-and-arrow.png */; };
		E6B1FC9E1538AE5D00F22E3F /* 115-bow-and-arrow@2x.png in Resources */ = {isa = PBXBuildFile; fileRef = E6B1FC9C1538AE5D00F22E3F /* 115-bow-and-arrow@2x.png */; };
		E6B1FCA11538AEA000F22E3F /* 96-book.png in Resources */ = {isa = PBXBuildFile; fileRef = E6B1FC9F1538AEA000F22E3F /* 96-book.png */; };
		E6B1FCA21538AEA000F22E3F /* 96-book@2x.png in Resources */ = {isa = PBXBuildFile; fileRef = E6B1FCA01538AEA000F22E3F /* 96-book@2x.png */; };
		E6CE4CE8159E108800434019 /* Default-Landscape@2x~ipad.png in Resources */ = {isa = PBXBuildFile; fileRef = E6CE4CE7159E108800434019 /* Default-Landscape@2x~ipad.png */; };
		E6CE4CEA159E108D00434019 /* Default-Portrait@2x~ipad.png in Resources */ = {isa = PBXBuildFile; fileRef = E6CE4CE9159E108D00434019 /* Default-Portrait@2x~ipad.png */; };
		E6CE4CF0159E81BA00434019 /* Default-Landscape~ipad.png in Resources */ = {isa = PBXBuildFile; fileRef = E6CE4CEF159E81BA00434019 /* Default-Landscape~ipad.png */; };
		E6CE4CF2159E81DA00434019 /* Default-Portrait~ipad.png in Resources */ = {isa = PBXBuildFile; fileRef = E6CE4CF1159E81DA00434019 /* Default-Portrait~ipad.png */; };
		E6E5DD9C154F0AC30020D847 /* Default@2x.png in Resources */ = {isa = PBXBuildFile; fileRef = E6E5DD9A154F0AC20020D847 /* Default@2x.png */; };
		E6E5DD9D154F0AC30020D847 /* Default.png in Resources */ = {isa = PBXBuildFile; fileRef = E6E5DD9B154F0AC20020D847 /* Default.png */; };
		E6EFABFB152F53650031CCD3 /* UIKit.framework in Frameworks */ = {isa = PBXBuildFile; fileRef = E6EFABFA152F53650031CCD3 /* UIKit.framework */; };
		E6EFABFD152F53650031CCD3 /* Foundation.framework in Frameworks */ = {isa = PBXBuildFile; fileRef = E6EFABFC152F53650031CCD3 /* Foundation.framework */; };
		E6EFABFF152F53650031CCD3 /* CoreGraphics.framework in Frameworks */ = {isa = PBXBuildFile; fileRef = E6EFABFE152F53650031CCD3 /* CoreGraphics.framework */; };
		E6EFAC05152F53660031CCD3 /* InfoPlist.strings in Resources */ = {isa = PBXBuildFile; fileRef = E6EFAC03152F53650031CCD3 /* InfoPlist.strings */; };
		E6EFAC07152F53660031CCD3 /* main.m in Sources */ = {isa = PBXBuildFile; fileRef = E6EFAC06152F53660031CCD3 /* main.m */; };
		E6EFAC0B152F53660031CCD3 /* AppDelegate.m in Sources */ = {isa = PBXBuildFile; fileRef = E6EFAC0A152F53660031CCD3 /* AppDelegate.m */; };
		E6EFAC0E152F53660031CCD3 /* MainStoryboard_iPhone.storyboard in Resources */ = {isa = PBXBuildFile; fileRef = E6EFAC0C152F53660031CCD3 /* MainStoryboard_iPhone.storyboard */; };
		E6EFAC14152F53660031CCD3 /* PBViewController.m in Sources */ = {isa = PBXBuildFile; fileRef = E6EFAC13152F53660031CCD3 /* PBViewController.m */; };
		E6F5E256156B03E100BFE33B /* PayoutCell.m in Sources */ = {isa = PBXBuildFile; fileRef = E6F5E255156B03E100BFE33B /* PayoutCell.m */; };
		E6F5E25A156B073800BFE33B /* PayoutTableView.m in Sources */ = {isa = PBXBuildFile; fileRef = E6F5E259156B073800BFE33B /* PayoutTableView.m */; };
		E6F5E25D156B0BCD00BFE33B /* Payout.m in Sources */ = {isa = PBXBuildFile; fileRef = E6F5E25C156B0BCD00BFE33B /* Payout.m */; };
		E6F5E264156C2A8200BFE33B /* ParseLoginViewController.m in Sources */ = {isa = PBXBuildFile; fileRef = E6F5E263156C2A8100BFE33B /* ParseLoginViewController.m */; };
		E6F5E266156C2B1C00BFE33B /* 112-group.png in Resources */ = {isa = PBXBuildFile; fileRef = E6F5E265156C2B1C00BFE33B /* 112-group.png */; };
		E6F5E269156C2BB000BFE33B /* User.m in Sources */ = {isa = PBXBuildFile; fileRef = E6F5E268156C2BAF00BFE33B /* User.m */; };
		E6F5E272156C963300BFE33B /* whiteball.png in Resources */ = {isa = PBXBuildFile; fileRef = E6F5E271156C963300BFE33B /* whiteball.png */; };
		E6F5E274156C963A00BFE33B /* redball.png in Resources */ = {isa = PBXBuildFile; fileRef = E6F5E273156C963A00BFE33B /* redball.png */; };
/* End PBXBuildFile section */

/* Begin PBXFileReference section */
		E6211B1C15D46FEB0065B867 /* Parse.framework */ = {isa = PBXFileReference; lastKnownFileType = wrapper.framework; path = Parse.framework; sourceTree = "<group>"; };
		E6230A1F159382BC00F45943 /* 286-speechbubble@2x.png */ = {isa = PBXFileReference; lastKnownFileType = image.png; path = "286-speechbubble@2x.png"; sourceTree = "<group>"; };
		E6230A221593903100F45943 /* 286-speechbubble.png */ = {isa = PBXFileReference; lastKnownFileType = image.png; path = "286-speechbubble.png"; sourceTree = "<group>"; };
		E626B528155C3AF100DDDAC4 /* ResultsViewController.h */ = {isa = PBXFileReference; fileEncoding = 4; lastKnownFileType = sourcecode.c.h; name = ResultsViewController.h; path = ../ResultsViewController.h; sourceTree = "<group>"; };
		E626B529155C3AF100DDDAC4 /* ResultsViewController.m */ = {isa = PBXFileReference; fileEncoding = 4; lastKnownFileType = sourcecode.c.objc; name = ResultsViewController.m; path = ../ResultsViewController.m; sourceTree = "<group>"; };
		E644BE621561A59E00C62D83 /* Time.h */ = {isa = PBXFileReference; fileEncoding = 4; lastKnownFileType = sourcecode.c.h; path = Time.h; sourceTree = "<group>"; };
		E644BE631561A59E00C62D83 /* Time.m */ = {isa = PBXFileReference; fileEncoding = 4; lastKnownFileType = sourcecode.c.objc; path = Time.m; sourceTree = "<group>"; };
		E64823EC157D7DA100E39706 /* DONEpressed.png */ = {isa = PBXFileReference; lastKnownFileType = image.png; path = DONEpressed.png; sourceTree = "<group>"; };
		E64823EE157D7DA900E39706 /* DONE.png */ = {isa = PBXFileReference; lastKnownFileType = image.png; path = DONE.png; sourceTree = "<group>"; };
		E66B25A815377A0D0011F4F3 /* AudioToolbox.framework */ = {isa = PBXFileReference; lastKnownFileType = wrapper.framework; name = AudioToolbox.framework; path = System/Library/Frameworks/AudioToolbox.framework; sourceTree = SDKROOT; };
		E66B25AA15377A150011F4F3 /* CFNetwork.framework */ = {isa = PBXFileReference; lastKnownFileType = wrapper.framework; name = CFNetwork.framework; path = System/Library/Frameworks/CFNetwork.framework; sourceTree = SDKROOT; };
		E66B25AC15377A200011F4F3 /* SystemConfiguration.framework */ = {isa = PBXFileReference; lastKnownFileType = wrapper.framework; name = SystemConfiguration.framework; path = System/Library/Frameworks/SystemConfiguration.framework; sourceTree = SDKROOT; };
		E66B25AE15377A280011F4F3 /* MobileCoreServices.framework */ = {isa = PBXFileReference; lastKnownFileType = wrapper.framework; name = MobileCoreServices.framework; path = System/Library/Frameworks/MobileCoreServices.framework; sourceTree = SDKROOT; };
		E66B25B015377A3A0011F4F3 /* libz.1.1.3.dylib */ = {isa = PBXFileReference; lastKnownFileType = "compiled.mach-o.dylib"; name = libz.1.1.3.dylib; path = usr/lib/libz.1.1.3.dylib; sourceTree = SDKROOT; };
		E66B25B215377A410011F4F3 /* Security.framework */ = {isa = PBXFileReference; lastKnownFileType = wrapper.framework; name = Security.framework; path = System/Library/Frameworks/Security.framework; sourceTree = SDKROOT; };
		E66B25B415377A490011F4F3 /* QuartzCore.framework */ = {isa = PBXFileReference; lastKnownFileType = wrapper.framework; name = QuartzCore.framework; path = System/Library/Frameworks/QuartzCore.framework; sourceTree = SDKROOT; };
		E67D6B3C15468864002FC024 /* AccountViewController.h */ = {isa = PBXFileReference; fileEncoding = 4; lastKnownFileType = sourcecode.c.h; path = AccountViewController.h; sourceTree = "<group>"; };
		E67D6B3D15468864002FC024 /* AccountViewController.m */ = {isa = PBXFileReference; fileEncoding = 4; lastKnownFileType = sourcecode.c.objc; path = AccountViewController.m; sourceTree = "<group>"; };
		E686B71D153251020068A08D /* SelectorViewController.h */ = {isa = PBXFileReference; fileEncoding = 4; lastKnownFileType = sourcecode.c.h; path = SelectorViewController.h; sourceTree = "<group>"; };
		E686B71E153251020068A08D /* SelectorViewController.m */ = {isa = PBXFileReference; fileEncoding = 4; lastKnownFileType = sourcecode.c.objc; path = SelectorViewController.m; sourceTree = "<group>"; };
		E686B72015326A8D0068A08D /* HistoryViewController.h */ = {isa = PBXFileReference; fileEncoding = 4; lastKnownFileType = sourcecode.c.h; path = HistoryViewController.h; sourceTree = "<group>"; };
		E686B72115326A8D0068A08D /* HistoryViewController.m */ = {isa = PBXFileReference; fileEncoding = 4; lastKnownFileType = sourcecode.c.objc; path = HistoryViewController.m; sourceTree = "<group>"; };
		E686B72D15329D360068A08D /* FeedbackViewController.h */ = {isa = PBXFileReference; fileEncoding = 4; lastKnownFileType = sourcecode.c.h; path = FeedbackViewController.h; sourceTree = "<group>"; };
		E686B72E15329D360068A08D /* FeedbackViewController.m */ = {isa = PBXFileReference; fileEncoding = 4; lastKnownFileType = sourcecode.c.objc; path = FeedbackViewController.m; sourceTree = "<group>"; };
		E686B7301532A0EF0068A08D /* MessageUI.framework */ = {isa = PBXFileReference; lastKnownFileType = wrapper.framework; name = MessageUI.framework; path = System/Library/Frameworks/MessageUI.framework; sourceTree = SDKROOT; };
		E686B73415333D8B0068A08D /* Selection.h */ = {isa = PBXFileReference; fileEncoding = 4; lastKnownFileType = sourcecode.c.h; path = Selection.h; sourceTree = "<group>"; };
		E686B73515333D8C0068A08D /* Selection.m */ = {isa = PBXFileReference; fileEncoding = 4; lastKnownFileType = sourcecode.c.objc; path = Selection.m; sourceTree = "<group>"; };
		E686B737153340860068A08D /* HistoryCell.h */ = {isa = PBXFileReference; fileEncoding = 4; lastKnownFileType = sourcecode.c.h; path = HistoryCell.h; sourceTree = "<group>"; };
		E686B738153340860068A08D /* HistoryCell.m */ = {isa = PBXFileReference; fileEncoding = 4; lastKnownFileType = sourcecode.c.objc; path = HistoryCell.m; sourceTree = "<group>"; };
		E686B73A153345AE0068A08D /* HudView.h */ = {isa = PBXFileReference; fileEncoding = 4; lastKnownFileType = sourcecode.c.h; name = HudView.h; path = ../HudView.h; sourceTree = "<group>"; };
		E686B73B153345AE0068A08D /* HudView.m */ = {isa = PBXFileReference; fileEncoding = 4; lastKnownFileType = sourcecode.c.objc; name = HudView.m; path = ../HudView.m; sourceTree = "<group>"; };
		E686B73D15335E7C0068A08D /* Checkmark@2x.png */ = {isa = PBXFileReference; lastKnownFileType = image.png; path = "Checkmark@2x.png"; sourceTree = "<group>"; };
		E686B73E15335E7C0068A08D /* Checkmark.png */ = {isa = PBXFileReference; lastKnownFileType = image.png; path = Checkmark.png; sourceTree = "<group>"; };
		E697F84715794696008BD62E /* Icon-Small.png */ = {isa = PBXFileReference; lastKnownFileType = image.png; path = "Icon-Small.png"; sourceTree = "<group>"; };
		E697F84815794696008BD62E /* Icon-Small-50.png */ = {isa = PBXFileReference; lastKnownFileType = image.png; path = "Icon-Small-50.png"; sourceTree = "<group>"; };
		E697F84915794696008BD62E /* Icon.png */ = {isa = PBXFileReference; lastKnownFileType = image.png; path = Icon.png; sourceTree = "<group>"; };
		E697F84A15794696008BD62E /* Icon-Small@2x.png */ = {isa = PBXFileReference; lastKnownFileType = image.png; path = "Icon-Small@2x.png"; sourceTree = "<group>"; };
		E697F84B15794696008BD62E /* Icon-72.png */ = {isa = PBXFileReference; lastKnownFileType = image.png; path = "Icon-72.png"; sourceTree = "<group>"; };
		E697F84C15794696008BD62E /* Icon@2x.png */ = {isa = PBXFileReference; lastKnownFileType = image.png; path = "Icon@2x.png"; sourceTree = "<group>"; };
		E697F84D15794696008BD62E /* iTunesArtwork.png */ = {isa = PBXFileReference; lastKnownFileType = image.png; path = iTunesArtwork.png; sourceTree = "<group>"; };
		E6990AD315767E2F006795F9 /* Stars02.png */ = {isa = PBXFileReference; lastKnownFileType = image.png; path = Stars02.png; sourceTree = "<group>"; };
		E6990AE11576E31C006795F9 /* 06-arrow-south@2x.png */ = {isa = PBXFileReference; lastKnownFileType = image.png; path = "06-arrow-south@2x.png"; sourceTree = "<group>"; };
		E6990AE91577F246006795F9 /* 09-arrow-west@2x.png */ = {isa = PBXFileReference; lastKnownFileType = image.png; path = "09-arrow-west@2x.png"; sourceTree = "<group>"; };
		E6990AEB1577F398006795F9 /* 03-arrow-north@2x.png */ = {isa = PBXFileReference; lastKnownFileType = image.png; path = "03-arrow-north@2x.png"; sourceTree = "<group>"; };
		E6990AED157800EC006795F9 /* IntroAnimation.h */ = {isa = PBXFileReference; fileEncoding = 4; lastKnownFileType = sourcecode.c.h; path = IntroAnimation.h; sourceTree = "<group>"; };
		E6990AEE157800EC006795F9 /* IntroAnimation.m */ = {isa = PBXFileReference; fileEncoding = 4; lastKnownFileType = sourcecode.c.objc; path = IntroAnimation.m; sourceTree = "<group>"; };
		E6B1FC841538A53400F22E3F /* MainStoryboard.storyboard */ = {isa = PBXFileReference; fileEncoding = 4; lastKnownFileType = file.storyboard; path = MainStoryboard.storyboard; sourceTree = "<group>"; };
		E6B1FC931538AE0300F22E3F /* 13-target.png */ = {isa = PBXFileReference; lastKnownFileType = image.png; path = "13-target.png"; sourceTree = "<group>"; };
		E6B1FC941538AE0300F22E3F /* 13-target@2x.png */ = {isa = PBXFileReference; lastKnownFileType = image.png; path = "13-target@2x.png"; sourceTree = "<group>"; };
		E6B1FC9B1538AE5D00F22E3F /* 115-bow-and-arrow.png */ = {isa = PBXFileReference; lastKnownFileType = image.png; path = "115-bow-and-arrow.png"; sourceTree = "<group>"; };
		E6B1FC9C1538AE5D00F22E3F /* 115-bow-and-arrow@2x.png */ = {isa = PBXFileReference; lastKnownFileType = image.png; path = "115-bow-and-arrow@2x.png"; sourceTree = "<group>"; };
		E6B1FC9F1538AEA000F22E3F /* 96-book.png */ = {isa = PBXFileReference; lastKnownFileType = image.png; path = "96-book.png"; sourceTree = "<group>"; };
		E6B1FCA01538AEA000F22E3F /* 96-book@2x.png */ = {isa = PBXFileReference; lastKnownFileType = image.png; path = "96-book@2x.png"; sourceTree = "<group>"; };
		E6CE4CE7159E108800434019 /* Default-Landscape@2x~ipad.png */ = {isa = PBXFileReference; lastKnownFileType = image.png; name = "Default-Landscape@2x~ipad.png"; path = "../Default-Landscape@2x~ipad.png"; sourceTree = "<group>"; };
		E6CE4CE9159E108D00434019 /* Default-Portrait@2x~ipad.png */ = {isa = PBXFileReference; lastKnownFileType = image.png; name = "Default-Portrait@2x~ipad.png"; path = "../Default-Portrait@2x~ipad.png"; sourceTree = "<group>"; };
		E6CE4CEF159E81BA00434019 /* Default-Landscape~ipad.png */ = {isa = PBXFileReference; lastKnownFileType = image.png; name = "Default-Landscape~ipad.png"; path = "../Default-Landscape~ipad.png"; sourceTree = "<group>"; };
		E6CE4CF1159E81DA00434019 /* Default-Portrait~ipad.png */ = {isa = PBXFileReference; lastKnownFileType = image.png; name = "Default-Portrait~ipad.png"; path = "../Default-Portrait~ipad.png"; sourceTree = "<group>"; };
		E6E5DD9A154F0AC20020D847 /* Default@2x.png */ = {isa = PBXFileReference; lastKnownFileType = image.png; path = "Default@2x.png"; sourceTree = "<group>"; };
		E6E5DD9B154F0AC20020D847 /* Default.png */ = {isa = PBXFileReference; lastKnownFileType = image.png; path = Default.png; sourceTree = "<group>"; };
		E6EFABF6152F53650031CCD3 /* Powerball Results.app */ = {isa = PBXFileReference; explicitFileType = wrapper.application; includeInIndex = 0; path = "Powerball Results.app"; sourceTree = BUILT_PRODUCTS_DIR; };
		E6EFABFA152F53650031CCD3 /* UIKit.framework */ = {isa = PBXFileReference; lastKnownFileType = wrapper.framework; name = UIKit.framework; path = System/Library/Frameworks/UIKit.framework; sourceTree = SDKROOT; };
		E6EFABFC152F53650031CCD3 /* Foundation.framework */ = {isa = PBXFileReference; lastKnownFileType = wrapper.framework; name = Foundation.framework; path = System/Library/Frameworks/Foundation.framework; sourceTree = SDKROOT; };
		E6EFABFE152F53650031CCD3 /* CoreGraphics.framework */ = {isa = PBXFileReference; lastKnownFileType = wrapper.framework; name = CoreGraphics.framework; path = System/Library/Frameworks/CoreGraphics.framework; sourceTree = SDKROOT; };
		E6EFAC02152F53650031CCD3 /* Powerball Results-Info.plist */ = {isa = PBXFileReference; lastKnownFileType = text.plist.xml; path = "Powerball Results-Info.plist"; sourceTree = "<group>"; };
		E6EFAC04152F53660031CCD3 /* en */ = {isa = PBXFileReference; lastKnownFileType = text.plist.strings; name = en; path = en.lproj/InfoPlist.strings; sourceTree = "<group>"; };
		E6EFAC06152F53660031CCD3 /* main.m */ = {isa = PBXFileReference; lastKnownFileType = sourcecode.c.objc; path = main.m; sourceTree = "<group>"; };
		E6EFAC08152F53660031CCD3 /* Powerball Results-Prefix.pch */ = {isa = PBXFileReference; lastKnownFileType = sourcecode.c.h; path = "Powerball Results-Prefix.pch"; sourceTree = "<group>"; };
		E6EFAC09152F53660031CCD3 /* AppDelegate.h */ = {isa = PBXFileReference; lastKnownFileType = sourcecode.c.h; path = AppDelegate.h; sourceTree = "<group>"; };
		E6EFAC0A152F53660031CCD3 /* AppDelegate.m */ = {isa = PBXFileReference; lastKnownFileType = sourcecode.c.objc; path = AppDelegate.m; sourceTree = "<group>"; };
		E6EFAC0D152F53660031CCD3 /* en */ = {isa = PBXFileReference; lastKnownFileType = file.storyboard; name = en; path = en.lproj/MainStoryboard_iPhone.storyboard; sourceTree = "<group>"; };
		E6EFAC12152F53660031CCD3 /* PBViewController.h */ = {isa = PBXFileReference; lastKnownFileType = sourcecode.c.h; path = PBViewController.h; sourceTree = "<group>"; };
		E6EFAC13152F53660031CCD3 /* PBViewController.m */ = {isa = PBXFileReference; lastKnownFileType = sourcecode.c.objc; path = PBViewController.m; sourceTree = "<group>"; };
		E6F5E254156B03E100BFE33B /* PayoutCell.h */ = {isa = PBXFileReference; fileEncoding = 4; lastKnownFileType = sourcecode.c.h; path = PayoutCell.h; sourceTree = "<group>"; };
		E6F5E255156B03E100BFE33B /* PayoutCell.m */ = {isa = PBXFileReference; fileEncoding = 4; lastKnownFileType = sourcecode.c.objc; path = PayoutCell.m; sourceTree = "<group>"; };
		E6F5E258156B073800BFE33B /* PayoutTableView.h */ = {isa = PBXFileReference; fileEncoding = 4; lastKnownFileType = sourcecode.c.h; path = PayoutTableView.h; sourceTree = "<group>"; };
		E6F5E259156B073800BFE33B /* PayoutTableView.m */ = {isa = PBXFileReference; fileEncoding = 4; lastKnownFileType = sourcecode.c.objc; path = PayoutTableView.m; sourceTree = "<group>"; };
		E6F5E25B156B0BCD00BFE33B /* Payout.h */ = {isa = PBXFileReference; fileEncoding = 4; lastKnownFileType = sourcecode.c.h; path = Payout.h; sourceTree = "<group>"; };
		E6F5E25C156B0BCD00BFE33B /* Payout.m */ = {isa = PBXFileReference; fileEncoding = 4; lastKnownFileType = sourcecode.c.objc; path = Payout.m; sourceTree = "<group>"; };
		E6F5E262156C2A8100BFE33B /* ParseLoginViewController.h */ = {isa = PBXFileReference; fileEncoding = 4; lastKnownFileType = sourcecode.c.h; path = ParseLoginViewController.h; sourceTree = "<group>"; };
		E6F5E263156C2A8100BFE33B /* ParseLoginViewController.m */ = {isa = PBXFileReference; fileEncoding = 4; lastKnownFileType = sourcecode.c.objc; path = ParseLoginViewController.m; sourceTree = "<group>"; };
		E6F5E265156C2B1C00BFE33B /* 112-group.png */ = {isa = PBXFileReference; lastKnownFileType = image.png; path = "112-group.png"; sourceTree = "<group>"; };
		E6F5E267156C2BAF00BFE33B /* User.h */ = {isa = PBXFileReference; fileEncoding = 4; lastKnownFileType = sourcecode.c.h; path = User.h; sourceTree = "<group>"; };
		E6F5E268156C2BAF00BFE33B /* User.m */ = {isa = PBXFileReference; fileEncoding = 4; lastKnownFileType = sourcecode.c.objc; path = User.m; sourceTree = "<group>"; };
		E6F5E271156C963300BFE33B /* whiteball.png */ = {isa = PBXFileReference; lastKnownFileType = image.png; path = whiteball.png; sourceTree = "<group>"; };
		E6F5E273156C963A00BFE33B /* redball.png */ = {isa = PBXFileReference; lastKnownFileType = image.png; path = redball.png; sourceTree = "<group>"; };
/* End PBXFileReference section */

/* Begin PBXFrameworksBuildPhase section */
		E6EFABF3152F53650031CCD3 /* Frameworks */ = {
			isa = PBXFrameworksBuildPhase;
			buildActionMask = 2147483647;
			files = (
				E66B25B515377A490011F4F3 /* QuartzCore.framework in Frameworks */,
				E66B25B315377A410011F4F3 /* Security.framework in Frameworks */,
				E66B25B115377A3A0011F4F3 /* libz.1.1.3.dylib in Frameworks */,
				E6EFABFF152F53650031CCD3 /* CoreGraphics.framework in Frameworks */,
				E66B25AF15377A280011F4F3 /* MobileCoreServices.framework in Frameworks */,
				E66B25AD15377A200011F4F3 /* SystemConfiguration.framework in Frameworks */,
				E66B25AB15377A150011F4F3 /* CFNetwork.framework in Frameworks */,
				E66B25A915377A0D0011F4F3 /* AudioToolbox.framework in Frameworks */,
				E686B7311532A0EF0068A08D /* MessageUI.framework in Frameworks */,
				E6EFABFB152F53650031CCD3 /* UIKit.framework in Frameworks */,
				E6EFABFD152F53650031CCD3 /* Foundation.framework in Frameworks */,
				E6211B1D15D46FEB0065B867 /* Parse.framework in Frameworks */,
			);
			runOnlyForDeploymentPostprocessing = 0;
		};
/* End PBXFrameworksBuildPhase section */

/* Begin PBXGroup section */
		E686B6CB15311BCA0068A08D /* PowerballPlus Icons */ = {
			isa = PBXGroup;
			children = (
				E697F84715794696008BD62E /* Icon-Small.png */,
				E697F84815794696008BD62E /* Icon-Small-50.png */,
				E697F84915794696008BD62E /* Icon.png */,
				E697F84A15794696008BD62E /* Icon-Small@2x.png */,
				E697F84B15794696008BD62E /* Icon-72.png */,
				E697F84C15794696008BD62E /* Icon@2x.png */,
				E697F84D15794696008BD62E /* iTunesArtwork.png */,
			);
			path = "PowerballPlus Icons";
			sourceTree = "<group>";
		};
		E686B74E153492850068A08D /* Images */ = {
			isa = PBXGroup;
			children = (
				E6CE4CE9159E108D00434019 /* Default-Portrait@2x~ipad.png */,
				E6CE4CF1159E81DA00434019 /* Default-Portrait~ipad.png */,
				E6CE4CEF159E81BA00434019 /* Default-Landscape~ipad.png */,
				E6CE4CE7159E108800434019 /* Default-Landscape@2x~ipad.png */,
				E64823EE157D7DA900E39706 /* DONE.png */,
				E64823EC157D7DA100E39706 /* DONEpressed.png */,
				E6990AE91577F246006795F9 /* 09-arrow-west@2x.png */,
				E6990AEB1577F398006795F9 /* 03-arrow-north@2x.png */,
				E6990AE11576E31C006795F9 /* 06-arrow-south@2x.png */,
				E6990AD315767E2F006795F9 /* Stars02.png */,
				E6F5E271156C963300BFE33B /* whiteball.png */,
				E6F5E273156C963A00BFE33B /* redball.png */,
				E6F5E265156C2B1C00BFE33B /* 112-group.png */,
				E6E5DD9A154F0AC20020D847 /* Default@2x.png */,
				E6E5DD9B154F0AC20020D847 /* Default.png */,
				E686B73D15335E7C0068A08D /* Checkmark@2x.png */,
				E686B73E15335E7C0068A08D /* Checkmark.png */,
				E6B1FC931538AE0300F22E3F /* 13-target.png */,
				E6B1FC941538AE0300F22E3F /* 13-target@2x.png */,
				E6B1FC9F1538AEA000F22E3F /* 96-book.png */,
				E6B1FCA01538AEA000F22E3F /* 96-book@2x.png */,
				E6B1FC9B1538AE5D00F22E3F /* 115-bow-and-arrow.png */,
				E6B1FC9C1538AE5D00F22E3F /* 115-bow-and-arrow@2x.png */,
				E6230A221593903100F45943 /* 286-speechbubble.png */,
				E6230A1F159382BC00F45943 /* 286-speechbubble@2x.png */,
			);
			name = Images;
			sourceTree = "<group>";
		};
		E6EFABEB152F53650031CCD3 = {
			isa = PBXGroup;
			children = (
				E6EFAC00152F53650031CCD3 /* Powerball Results */,
				E6EFABF9152F53650031CCD3 /* Frameworks */,
				E6EFABF7152F53650031CCD3 /* Products */,
			);
			sourceTree = "<group>";
		};
		E6EFABF7152F53650031CCD3 /* Products */ = {
			isa = PBXGroup;
			children = (
				E6EFABF6152F53650031CCD3 /* Powerball Results.app */,
			);
			name = Products;
			sourceTree = "<group>";
		};
		E6EFABF9152F53650031CCD3 /* Frameworks */ = {
			isa = PBXGroup;
			children = (
				E6211B1C15D46FEB0065B867 /* Parse.framework */,
				E66B25B415377A490011F4F3 /* QuartzCore.framework */,
				E66B25B215377A410011F4F3 /* Security.framework */,
				E66B25B015377A3A0011F4F3 /* libz.1.1.3.dylib */,
				E66B25AE15377A280011F4F3 /* MobileCoreServices.framework */,
				E66B25AC15377A200011F4F3 /* SystemConfiguration.framework */,
				E66B25AA15377A150011F4F3 /* CFNetwork.framework */,
				E66B25A815377A0D0011F4F3 /* AudioToolbox.framework */,
				E686B7301532A0EF0068A08D /* MessageUI.framework */,
				E6EFABFA152F53650031CCD3 /* UIKit.framework */,
				E6EFABFC152F53650031CCD3 /* Foundation.framework */,
				E6EFABFE152F53650031CCD3 /* CoreGraphics.framework */,
			);
			name = Frameworks;
			sourceTree = "<group>";
		};
		E6EFAC00152F53650031CCD3 /* Powerball Results */ = {
			isa = PBXGroup;
			children = (
				E6EFAC0C152F53660031CCD3 /* MainStoryboard_iPhone.storyboard */,
				E6B1FC841538A53400F22E3F /* MainStoryboard.storyboard */,
				E6EFAC09152F53660031CCD3 /* AppDelegate.h */,
				E6EFAC0A152F53660031CCD3 /* AppDelegate.m */,
				E626B528155C3AF100DDDAC4 /* ResultsViewController.h */,
				E626B529155C3AF100DDDAC4 /* ResultsViewController.m */,
				E686B71D153251020068A08D /* SelectorViewController.h */,
				E686B71E153251020068A08D /* SelectorViewController.m */,
				E67D6B3C15468864002FC024 /* AccountViewController.h */,
				E67D6B3D15468864002FC024 /* AccountViewController.m */,
				E6F5E262156C2A8100BFE33B /* ParseLoginViewController.h */,
				E6F5E263156C2A8100BFE33B /* ParseLoginViewController.m */,
				E686B72015326A8D0068A08D /* HistoryViewController.h */,
				E686B72115326A8D0068A08D /* HistoryViewController.m */,
				E6F5E258156B073800BFE33B /* PayoutTableView.h */,
				E6F5E259156B073800BFE33B /* PayoutTableView.m */,
				E6F5E254156B03E100BFE33B /* PayoutCell.h */,
				E6F5E255156B03E100BFE33B /* PayoutCell.m */,
				E6F5E25B156B0BCD00BFE33B /* Payout.h */,
				E6F5E25C156B0BCD00BFE33B /* Payout.m */,
				E6F5E267156C2BAF00BFE33B /* User.h */,
				E6F5E268156C2BAF00BFE33B /* User.m */,
				E644BE621561A59E00C62D83 /* Time.h */,
				E644BE631561A59E00C62D83 /* Time.m */,
				E686B72D15329D360068A08D /* FeedbackViewController.h */,
				E686B72E15329D360068A08D /* FeedbackViewController.m */,
				E686B737153340860068A08D /* HistoryCell.h */,
				E686B738153340860068A08D /* HistoryCell.m */,
				E686B73415333D8B0068A08D /* Selection.h */,
				E686B73515333D8C0068A08D /* Selection.m */,
				E6990AED157800EC006795F9 /* IntroAnimation.h */,
				E6990AEE157800EC006795F9 /* IntroAnimation.m */,
				E686B73A153345AE0068A08D /* HudView.h */,
				E686B73B153345AE0068A08D /* HudView.m */,
				E6EFAC12152F53660031CCD3 /* PBViewController.h */,
				E6EFAC13152F53660031CCD3 /* PBViewController.m */,
				E686B74E153492850068A08D /* Images */,
				E686B6CB15311BCA0068A08D /* PowerballPlus Icons */,
				E6EFAC01152F53650031CCD3 /* Supporting Files */,
			);
			path = "Powerball Results";
			sourceTree = "<group>";
		};
		E6EFAC01152F53650031CCD3 /* Supporting Files */ = {
			isa = PBXGroup;
			children = (
				E6EFAC02152F53650031CCD3 /* Powerball Results-Info.plist */,
				E6EFAC03152F53650031CCD3 /* InfoPlist.strings */,
				E6EFAC06152F53660031CCD3 /* main.m */,
				E6EFAC08152F53660031CCD3 /* Powerball Results-Prefix.pch */,
			);
			name = "Supporting Files";
			sourceTree = "<group>";
		};
/* End PBXGroup section */

/* Begin PBXNativeTarget section */
		E6EFABF5152F53650031CCD3 /* Powerball Results */ = {
			isa = PBXNativeTarget;
			buildConfigurationList = E6EFAC17152F53660031CCD3 /* Build configuration list for PBXNativeTarget "Powerball Results" */;
			buildPhases = (
				E6EFABF2152F53650031CCD3 /* Sources */,
				E6EFABF3152F53650031CCD3 /* Frameworks */,
				E6EFABF4152F53650031CCD3 /* Resources */,
			);
			buildRules = (
			);
			dependencies = (
			);
			name = "Powerball Results";
			productName = "Powerball Results";
			productReference = E6EFABF6152F53650031CCD3 /* Powerball Results.app */;
			productType = "com.apple.product-type.application";
		};
/* End PBXNativeTarget section */

/* Begin PBXProject section */
		E6EFABED152F53650031CCD3 /* Project object */ = {
			isa = PBXProject;
			attributes = {
				LastUpgradeCheck = 0430;
			};
			buildConfigurationList = E6EFABF0152F53650031CCD3 /* Build configuration list for PBXProject "Powerball Results" */;
			compatibilityVersion = "Xcode 3.2";
			developmentRegion = English;
			hasScannedForEncodings = 0;
			knownRegions = (
				en,
			);
			mainGroup = E6EFABEB152F53650031CCD3;
			productRefGroup = E6EFABF7152F53650031CCD3 /* Products */;
			projectDirPath = "";
			projectRoot = "";
			targets = (
				E6EFABF5152F53650031CCD3 /* Powerball Results */,
			);
		};
/* End PBXProject section */

/* Begin PBXResourcesBuildPhase section */
		E6EFABF4152F53650031CCD3 /* Resources */ = {
			isa = PBXResourcesBuildPhase;
			buildActionMask = 2147483647;
			files = (
				E6EFAC05152F53660031CCD3 /* InfoPlist.strings in Resources */,
				E6EFAC0E152F53660031CCD3 /* MainStoryboard_iPhone.storyboard in Resources */,
				E686B73F15335E7C0068A08D /* Checkmark@2x.png in Resources */,
				E686B74015335E7C0068A08D /* Checkmark.png in Resources */,
				E6B1FC851538A53400F22E3F /* MainStoryboard.storyboard in Resources */,
				E6B1FC951538AE0300F22E3F /* 13-target.png in Resources */,
				E6B1FC961538AE0300F22E3F /* 13-target@2x.png in Resources */,
				E6B1FC9D1538AE5D00F22E3F /* 115-bow-and-arrow.png in Resources */,
				E6B1FC9E1538AE5D00F22E3F /* 115-bow-and-arrow@2x.png in Resources */,
				E6B1FCA11538AEA000F22E3F /* 96-book.png in Resources */,
				E6B1FCA21538AEA000F22E3F /* 96-book@2x.png in Resources */,
				E6E5DD9C154F0AC30020D847 /* Default@2x.png in Resources */,
				E6E5DD9D154F0AC30020D847 /* Default.png in Resources */,
				E6F5E266156C2B1C00BFE33B /* 112-group.png in Resources */,
				E6F5E272156C963300BFE33B /* whiteball.png in Resources */,
				E6F5E274156C963A00BFE33B /* redball.png in Resources */,
				E6990AD415767E2F006795F9 /* Stars02.png in Resources */,
				E6990AE21576E31C006795F9 /* 06-arrow-south@2x.png in Resources */,
				E6990AEA1577F246006795F9 /* 09-arrow-west@2x.png in Resources */,
				E6990AEC1577F398006795F9 /* 03-arrow-north@2x.png in Resources */,
				E697F84E15794696008BD62E /* Icon-Small.png in Resources */,
				E697F84F15794696008BD62E /* Icon-Small-50.png in Resources */,
				E697F85015794696008BD62E /* Icon.png in Resources */,
				E697F85115794696008BD62E /* Icon-Small@2x.png in Resources */,
				E697F85215794696008BD62E /* Icon-72.png in Resources */,
				E697F85315794696008BD62E /* Icon@2x.png in Resources */,
				E697F85415794696008BD62E /* iTunesArtwork.png in Resources */,
				E64823ED157D7DA100E39706 /* DONEpressed.png in Resources */,
				E64823EF157D7DA900E39706 /* DONE.png in Resources */,
				E6230A20159382BC00F45943 /* 286-speechbubble@2x.png in Resources */,
				E6230A231593903100F45943 /* 286-speechbubble.png in Resources */,
				E6CE4CE8159E108800434019 /* Default-Landscape@2x~ipad.png in Resources */,
				E6CE4CEA159E108D00434019 /* Default-Portrait@2x~ipad.png in Resources */,
				E6CE4CF0159E81BA00434019 /* Default-Landscape~ipad.png in Resources */,
				E6CE4CF2159E81DA00434019 /* Default-Portrait~ipad.png in Resources */,
			);
			runOnlyForDeploymentPostprocessing = 0;
		};
/* End PBXResourcesBuildPhase section */

/* Begin PBXSourcesBuildPhase section */
		E6EFABF2152F53650031CCD3 /* Sources */ = {
			isa = PBXSourcesBuildPhase;
			buildActionMask = 2147483647;
			files = (
				E6EFAC07152F53660031CCD3 /* main.m in Sources */,
				E6EFAC0B152F53660031CCD3 /* AppDelegate.m in Sources */,
				E6EFAC14152F53660031CCD3 /* PBViewController.m in Sources */,
				E686B71F153251020068A08D /* SelectorViewController.m in Sources */,
				E686B72215326A8D0068A08D /* HistoryViewController.m in Sources */,
				E686B72F15329D360068A08D /* FeedbackViewController.m in Sources */,
				E686B73615333D8C0068A08D /* Selection.m in Sources */,
				E686B739153340870068A08D /* HistoryCell.m in Sources */,
				E686B73C153345AE0068A08D /* HudView.m in Sources */,
				E67D6B3E15468864002FC024 /* AccountViewController.m in Sources */,
				E626B52A155C3AF100DDDAC4 /* ResultsViewController.m in Sources */,
				E644BE641561A59E00C62D83 /* Time.m in Sources */,
				E6F5E256156B03E100BFE33B /* PayoutCell.m in Sources */,
				E6F5E25A156B073800BFE33B /* PayoutTableView.m in Sources */,
				E6F5E25D156B0BCD00BFE33B /* Payout.m in Sources */,
				E6F5E264156C2A8200BFE33B /* ParseLoginViewController.m in Sources */,
				E6F5E269156C2BB000BFE33B /* User.m in Sources */,
				E6990AEF157800EC006795F9 /* IntroAnimation.m in Sources */,
			);
			runOnlyForDeploymentPostprocessing = 0;
		};
/* End PBXSourcesBuildPhase section */

/* Begin PBXVariantGroup section */
		E6EFAC03152F53650031CCD3 /* InfoPlist.strings */ = {
			isa = PBXVariantGroup;
			children = (
				E6EFAC04152F53660031CCD3 /* en */,
			);
			name = InfoPlist.strings;
			sourceTree = "<group>";
		};
		E6EFAC0C152F53660031CCD3 /* MainStoryboard_iPhone.storyboard */ = {
			isa = PBXVariantGroup;
			children = (
				E6EFAC0D152F53660031CCD3 /* en */,
			);
			name = MainStoryboard_iPhone.storyboard;
			sourceTree = "<group>";
		};
/* End PBXVariantGroup section */

/* Begin XCBuildConfiguration section */
		E6BE6C03155088A900D6A97A /* AppStore */ = {
			isa = XCBuildConfiguration;
			buildSettings = {
				ALWAYS_SEARCH_USER_PATHS = NO;
				ARCHS = "$(ARCHS_STANDARD_32_BIT)";
				CLANG_ENABLE_OBJC_ARC = YES;
				CODE_SIGN_IDENTITY = "iPhone Developer: Brad Grifffith (35DT78TGW2)";
				"CODE_SIGN_IDENTITY[sdk=iphoneos*]" = "iPhone Developer";
				COPY_PHASE_STRIP = YES;
				GCC_C_LANGUAGE_STANDARD = gnu99;
				GCC_VERSION = com.apple.compilers.llvm.clang.1_0;
				GCC_WARN_ABOUT_RETURN_TYPE = YES;
				GCC_WARN_UNINITIALIZED_AUTOS = YES;
				GCC_WARN_UNUSED_VARIABLE = YES;
				IPHONEOS_DEPLOYMENT_TARGET = 5.0;
				OTHER_CFLAGS = "-DNS_BLOCK_ASSERTIONS=1";
				PROVISIONING_PROFILE = "E083D180-2F98-4E64-BBDB-4027D6FE5B45";
				"PROVISIONING_PROFILE[sdk=iphoneos*]" = "";
				SDKROOT = iphoneos;
				TARGETED_DEVICE_FAMILY = "1,2";
				VALIDATE_PRODUCT = YES;
			};
			name = AppStore;
		};
		E6BE6C04155088A900D6A97A /* AppStore */ = {
			isa = XCBuildConfiguration;
			buildSettings = {
				CODE_SIGN_IDENTITY = "iPhone Distribution: Brad Grifffith";
				"CODE_SIGN_IDENTITY[sdk=iphoneos*]" = "iPhone Distribution: Brad Grifffith";
				FRAMEWORK_SEARCH_PATHS = (
					"$(inherited)",
					"\"$(SRCROOT)\"",
				);
				GCC_PRECOMPILE_PREFIX_HEADER = YES;
				GCC_PREFIX_HEADER = "Powerball Results/Powerball Results-Prefix.pch";
				"HEADER_SEARCH_PATHS[arch=*]" = three20/Build/Products/three20;
				INFOPLIST_FILE = "Powerball Results/Powerball Results-Info.plist";
				IPHONEOS_DEPLOYMENT_TARGET = 5.0;
				LIBRARY_SEARCH_PATHS = (
					"$(inherited)",
					"\"$(SRCROOT)/../three20/Build/Products/Release-iphoneos\"",
				);
				PRODUCT_NAME = "$(TARGET_NAME)";
				PROVISIONING_PROFILE = "82B1A604-74F0-42F2-A4C6-89ED8A7E9FA9";
				"PROVISIONING_PROFILE[sdk=iphoneos*]" = "82B1A604-74F0-42F2-A4C6-89ED8A7E9FA9";
				TARGETED_DEVICE_FAMILY = "1,2";
				VALIDATE_PRODUCT = NO;
				WRAPPER_EXTENSION = app;
			};
			name = AppStore;
		};
		E6EFAC15152F53660031CCD3 /* Debug */ = {
			isa = XCBuildConfiguration;
			buildSettings = {
				ALWAYS_SEARCH_USER_PATHS = NO;
				ARCHS = "$(ARCHS_STANDARD_32_BIT)";
				CLANG_ENABLE_OBJC_ARC = YES;
				CODE_SIGN_IDENTITY = "iPhone Developer: Brad Grifffith (35DT78TGW2)";
				"CODE_SIGN_IDENTITY[sdk=iphoneos*]" = "iPhone Developer: Brad Grifffith (35DT78TGW2)";
				COPY_PHASE_STRIP = NO;
				GCC_C_LANGUAGE_STANDARD = gnu99;
				GCC_DYNAMIC_NO_PIC = NO;
				GCC_OPTIMIZATION_LEVEL = 0;
				GCC_PREPROCESSOR_DEFINITIONS = (
					"DEBUG=1",
					"$(inherited)",
				);
				GCC_SYMBOLS_PRIVATE_EXTERN = NO;
				GCC_VERSION = com.apple.compilers.llvm.clang.1_0;
				GCC_WARN_ABOUT_RETURN_TYPE = YES;
				GCC_WARN_UNINITIALIZED_AUTOS = YES;
				GCC_WARN_UNUSED_VARIABLE = YES;
				IPHONEOS_DEPLOYMENT_TARGET = 5.0;
				PROVISIONING_PROFILE = "E083D180-2F98-4E64-BBDB-4027D6FE5B45";
				SDKROOT = iphoneos;
				TARGETED_DEVICE_FAMILY = "1,2";
			};
			name = Debug;
		};
		E6EFAC16152F53660031CCD3 /* Release */ = {
			isa = XCBuildConfiguration;
			buildSettings = {
				ALWAYS_SEARCH_USER_PATHS = NO;
				ARCHS = "$(ARCHS_STANDARD_32_BIT)";
				CLANG_ENABLE_OBJC_ARC = YES;
				CODE_SIGN_IDENTITY = "iPhone Developer: Brad Grifffith (35DT78TGW2)";
				"CODE_SIGN_IDENTITY[sdk=iphoneos*]" = "iPhone Developer: Brad Grifffith (35DT78TGW2)";
				COPY_PHASE_STRIP = YES;
				GCC_C_LANGUAGE_STANDARD = gnu99;
				GCC_VERSION = com.apple.compilers.llvm.clang.1_0;
				GCC_WARN_ABOUT_RETURN_TYPE = YES;
				GCC_WARN_UNINITIALIZED_AUTOS = YES;
				GCC_WARN_UNUSED_VARIABLE = YES;
				IPHONEOS_DEPLOYMENT_TARGET = 5.0;
				OTHER_CFLAGS = "-DNS_BLOCK_ASSERTIONS=1";
				SDKROOT = iphoneos;
				TARGETED_DEVICE_FAMILY = "1,2";
				VALIDATE_PRODUCT = YES;
			};
			name = Release;
		};
		E6EFAC18152F53660031CCD3 /* Debug */ = {
			isa = XCBuildConfiguration;
			buildSettings = {
				CODE_SIGN_IDENTITY = "iPhone Developer: Brad Grifffith (35DT78TGW2)";
				"CODE_SIGN_IDENTITY[sdk=iphoneos*]" = "iPhone Developer: Brad Grifffith (35DT78TGW2)";
				FRAMEWORK_SEARCH_PATHS = (
					"$(inherited)",
					"\"$(SRCROOT)\"",
				);
				GCC_PRECOMPILE_PREFIX_HEADER = YES;
				GCC_PREFIX_HEADER = "Powerball Results/Powerball Results-Prefix.pch";
				INFOPLIST_FILE = "Powerball Results/Powerball Results-Info.plist";
				IPHONEOS_DEPLOYMENT_TARGET = 5.0;
				LIBRARY_SEARCH_PATHS = (
					"$(inherited)",
					"\"$(SRCROOT)/../three20/Build/Products/Release-iphoneos\"",
				);
				PRODUCT_NAME = "$(TARGET_NAME)";
				PROVISIONING_PROFILE = "AB7F4F40-F2EC-4D94-B605-E58C99991E13";
				"PROVISIONING_PROFILE[sdk=iphoneos*]" = "AB7F4F40-F2EC-4D94-B605-E58C99991E13";
				TARGETED_DEVICE_FAMILY = "1,2";
				WRAPPER_EXTENSION = app;
			};
			name = Debug;
		};
		E6EFAC19152F53660031CCD3 /* Release */ = {
			isa = XCBuildConfiguration;
			buildSettings = {
				CODE_SIGN_IDENTITY = "iPhone Developer: Brad Grifffith (35DT78TGW2)";
				"CODE_SIGN_IDENTITY[sdk=iphoneos*]" = "iPhone Developer: Brad Grifffith (35DT78TGW2)";
				FRAMEWORK_SEARCH_PATHS = (
					"$(inherited)",
					"\"$(SRCROOT)\"",
				);
				GCC_PRECOMPILE_PREFIX_HEADER = YES;
				GCC_PREFIX_HEADER = "Powerball Results/Powerball Results-Prefix.pch";
				INFOPLIST_FILE = "Powerball Results/Powerball Results-Info.plist";
				IPHONEOS_DEPLOYMENT_TARGET = 5.0;
				LIBRARY_SEARCH_PATHS = (
					"$(inherited)",
					"\"$(SRCROOT)/../three20/Build/Products/Release-iphoneos\"",
				);
				PRODUCT_NAME = "$(TARGET_NAME)";
				PROVISIONING_PROFILE = "AB7F4F40-F2EC-4D94-B605-E58C99991E13";
				"PROVISIONING_PROFILE[sdk=iphoneos*]" = "AB7F4F40-F2EC-4D94-B605-E58C99991E13";
				TARGETED_DEVICE_FAMILY = "1,2";
				WRAPPER_EXTENSION = app;
			};
			name = Release;
		};
/* End XCBuildConfiguration section */

/* Begin XCConfigurationList section */
		E6EFABF0152F53650031CCD3 /* Build configuration list for PBXProject "Powerball Results" */ = {
			isa = XCConfigurationList;
			buildConfigurations = (
				E6EFAC15152F53660031CCD3 /* Debug */,
				E6EFAC16152F53660031CCD3 /* Release */,
				E6BE6C03155088A900D6A97A /* AppStore */,
			);
			defaultConfigurationIsVisible = 0;
			defaultConfigurationName = Release;
		};
		E6EFAC17152F53660031CCD3 /* Build configuration list for PBXNativeTarget "Powerball Results" */ = {
			isa = XCConfigurationList;
			buildConfigurations = (
				E6EFAC18152F53660031CCD3 /* Debug */,
				E6EFAC19152F53660031CCD3 /* Release */,
				E6BE6C04155088A900D6A97A /* AppStore */,
			);
			defaultConfigurationIsVisible = 0;
			defaultConfigurationName = Release;
		};
/* End XCConfigurationList section */
	};
	rootObject = E6EFABED152F53650031CCD3 /* Project object */;
}
